# This file is autogenerated, do not edit; changes may be undone by the next 'dep ensure'.


[[projects]]
  branch = "rename-imports"
  name = "github.com/gabesullice/jq"
  packages = [".","scanner"]
  revision = "2f1db31d92127040bab202f0f0a4ee6977eb7c7c"

[solve-meta]
  analyzer-name = "dep"
  analyzer-version = 1
  inputs-digest = "1f1e965109a0b8b918b0aeccca046fc1a2ba6a41a1121a983f01deaccc4b6b5c"
  solver-name = "gps-cdcl"
  solver-version = 1
